Microsoft Visual Studio Solution File, Format Version 12.00
# Visual Studio Version 17
VisualStudioVersion = 17.5.2.0
MinimumVisualStudioVersion = 10.0.40219.1
Project("{FAE04EC0-301F-11D3-BF4B-00C04F79EFBC}") = "NBomberConsole", "NBomberConsole.csproj", "{46776448-8A76-0C70-D740-1A16723C04CA}"
EndProject
Global
	GlobalSection(SolutionConfigurationPlatforms) = preSolution
		Debug|Any CPU = Debug|Any CPU
		Release|Any CPU = Release|Any CPU
	EndGlobalSection
	GlobalSection(ProjectConfigurationPlatforms) = postSolution
		{46776448-8A76-0C70-D740-1A16723C04CA}.Debug|Any CPU.ActiveCfg = Debug|Any CPU
		{46776448-8A76-0C70-D740-1A16723C04CA}.Debug|Any CPU.Build.0 = Debug|Any CPU
		{46776448-8A76-0C70-D740-1A16723C04CA}.Release|Any CPU.ActiveCfg = Release|Any CPU
		{46776448-8A76-0C70-D740-1A16723C04CA}.Release|Any CPU.Build.0 = Release|Any CPU
	EndGlobalSection
	GlobalSection(SolutionProperties) = preSolution
		HideSolutionNode = FALSE
	EndGlobalSection
	GlobalSection(ExtensibilityGlobals) = postSolution
		SolutionGuid = {0F169663-CDFA-4722-857D-793205D35EBE}
	EndGlobalSection
EndGlobal
